// !$*UTF8*$!
{
	archiveVersion = 1;
	classes = {
	};
	objectVersion = 46;
	objects = {

/* Begin PBXBuildFile section */
		14CD57BF1DE061B4007870F2 /* AppDelegate.swift in Sources */ = {isa = PBXBuildFile; fileRef = 14CD57BE1DE061B4007870F2 /* AppDelegate.swift */; };
		14CD57C11DE061B4007870F2 /* ViewController.swift in Sources */ = {isa = PBXBuildFile; fileRef = 14CD57C01DE061B4007870F2 /* ViewController.swift */; };
		14CD57C41DE061B4007870F2 /* Main.storyboard in Resources */ = {isa = PBXBuildFile; fileRef = 14CD57C21DE061B4007870F2 /* Main.storyboard */; };
		14CD57C61DE061B4007870F2 /* Assets.xcassets in Resources */ = {isa = PBXBuildFile; fileRef = 14CD57C51DE061B4007870F2 /* Assets.xcassets */; };
		14CD57C91DE061B4007870F2 /* LaunchScreen.storyboard in Resources */ = {isa = PBXBuildFile; fileRef = 14CD57C71DE061B4007870F2 /* LaunchScreen.storyboard */; };
		14CD57D11DE0825E007870F2 /* SMLRatingControl.swift in Sources */ = {isa = PBXBuildFile; fileRef = 14CD57D01DE0825E007870F2 /* SMLRatingControl.swift */; };
/* End PBXBuildFile section */

/* Begin PBXFileReference section */
		14CD57BB1DE061B4007870F2 /* Smiley.app */ = {isa = PBXFileReference; explicitFileType = wrapper.application; includeInIndex = 0; path = Smiley.app; sourceTree = BUILT_PRODUCTS_DIR; };
		14CD57BE1DE061B4007870F2 /* AppDelegate.swift */ = {isa = PBXFileReference; lastKnownFileType = sourcecode.swift; path = AppDelegate.swift; sourceTree = "<group>"; };
		14CD57C01DE061B4007870F2 /* ViewController.swift */ = {isa = PBXFileReference; lastKnownFileType = sourcecode.swift; path = ViewController.swift; sourceTree = "<group>"; };
		14CD57C31DE061B4007870F2 /* Base */ = {isa = PBXFileReference; lastKnownFileType = file.storyboard; name = Base; path = Base.lproj/Main.storyboard; sourceTree = "<group>"; };
		14CD57C51DE061B4007870F2 /* Assets.xcassets */ = {isa = PBXFileReference; lastKnownFileType = folder.assetcatalog; path = Assets.xcassets; sourceTree = "<group>"; };
		14CD57C81DE061B4007870F2 /* Base */ = {isa = PBXFileReference; lastKnownFileType = file.storyboard; name = Base; path = Base.lproj/LaunchScreen.storyboard; sourceTree = "<group>"; };
		14CD57CA1DE061B4007870F2 /* Info.plist */ = {isa = PBXFileReference; lastKnownFileType = text.plist.xml; path = Info.plist; sourceTree = "<group>"; };
		14CD57D01DE0825E007870F2 /* SMLRatingControl.swift */ = {isa = PBXFileReference; fileEncoding = 4; lastKnownFileType = sourcecode.swift; path = SMLRatingControl.swift; sourceTree = "<group>"; };
/* End PBXFileReference section */

/* Begin PBXFrameworksBuildPhase section */
		14CD57B81DE061B4007870F2 /* Frameworks */ = {
			isa = PBXFrameworksBuildPhase;
			buildActionMask = 2147483647;
			files = (
			);
			runOnlyForDeploymentPostprocessing = 0;
		};
/* End PBXFrameworksBuildPhase section */

/* Begin PBXGroup section */
		14CD57B21DE061B3007870F2 = {
			isa = PBXGroup;
			children = (
				14CD57BD1DE061B4007870F2 /* Smiley */,
				14CD57BC1DE061B4007870F2 /* Products */,
			);
			sourceTree = "<group>";
		};
		14CD57BC1DE061B4007870F2 /* Products */ = {
			isa = PBXGroup;
			children = (
				14CD57BB1DE061B4007870F2 /* Smiley.app */,
			);
			name = Products;
			sourceTree = "<group>";
		};
		14CD57BD1DE061B4007870F2 /* Smiley */ = {
			isa = PBXGroup;
			children = (
				14CD57BE1DE061B4007870F2 /* AppDelegate.swift */,
				14CD57C01DE061B4007870F2 /* ViewController.swift */,
				14CD57C21DE061B4007870F2 /* Main.storyboard */,
				14CD57C51DE061B4007870F2 /* Assets.xcassets */,
				14CD57C71DE061B4007870F2 /* LaunchScreen.storyboard */,
				14CD57CA1DE061B4007870F2 /* Info.plist */,
				14CD57D01DE0825E007870F2 /* SMLRatingControl.swift */,
			);
			path = Smiley;
			sourceTree = "<group>";
		};
/* End PBXGroup section */

/* Begin PBXNativeTarget section */
		14CD57BA1DE061B4007870F2 /* Smiley */ = {
			isa = PBXNativeTarget;
			buildConfigurationList = 14CD57CD1DE061B4007870F2 /* Build configuration list for PBXNativeTarget "Smiley" */;
			buildPhases = (
				14CD57B71DE061B4007870F2 /* Sources */,
				14CD57B81DE061B4007870F2 /* Frameworks */,
				14CD57B91DE061B4007870F2 /* Resources */,
			);
			buildRules = (
			);
			dependencies = (
			);
			name = Smiley;
			productName = Smiley;
			productReference = 14CD57BB1DE061B4007870F2 /* Smiley.app */;
			productType = "com.apple.product-type.application";
		};
/* End PBXNativeTarget section */

/* Begin PBXProject section */
		14CD57B31DE061B3007870F2 /* Project object */ = {
			isa = PBXProject;
			attributes = {
				LastSwiftUpdateCheck = 0810;
				LastUpgradeCheck = 0810;
				ORGANIZATIONNAME = iGROOMGRiM;
				TargetAttributes = {
					14CD57BA1DE061B4007870F2 = {
						CreatedOnToolsVersion = 8.1;
						DevelopmentTeam = 7W5MA8FGH5;
						ProvisioningStyle = Automatic;
					};
				};
			};
			buildConfigurationList = 14CD57B61DE061B3007870F2 /* Build configuration list for PBXProject "Smiley" */;
			compatibilityVersion = "Xcode 3.2";
			developmentRegion = English;
			hasScannedForEncodings = 0;
			knownRegions = (
				en,
				Base,
			);
			mainGroup = 14CD57B21DE061B3007870F2;
			productRefGroup = 14CD57BC1DE061B4007870F2 /* Products */;
			projectDirPath = "";
			projectRoot = "";
			targets = (
				14CD57BA1DE061B4007870F2 /* Smiley */,
			);
		};
/* End PBXProject section */

/* Begin PBXResourcesBuildPhase section */
		14CD57B91DE061B4007870F2 /* Resources */ = {
			isa = PBXResourcesBuildPhase;
			buildActionMask = 2147483647;
			files = (
				14CD57C91DE061B4007870F2 /* LaunchScreen.storyboard in Resources */,
				14CD57C61DE061B4007870F2 /* Assets.xcassets in Resources */,
				14CD57C41DE061B4007870F2 /* Main.storyboard in Resources */,
			);
			runOnlyForDeploymentPostprocessing = 0;
		};
/* End PBXResourcesBuildPhase section */

/* Begin PBXSourcesBuildPhase section */
		14CD57B71DE061B4007870F2 /* Sources */ = {
			isa = PBXSourcesBuildPhase;
			buildActionMask = 2147483647;
			files = (
				14CD57C11DE061B4007870F2 /* ViewController.swift in Sources */,
				14CD57D11DE0825E007870F2 /* SMLRatingControl.swift in Sources */,
				14CD57BF1DE061B4007870F2 /* AppDelegate.swift in Sources */,
			);
			runOnlyForDeploymentPostprocessing = 0;
		};
/* End PBXSourcesBuildPhase section */

/* Begin PBXVariantGroup section */
		14CD57C21DE061B4007870F2 /* Main.storyboard */ = {
			isa = PBXVariantGroup;
			children = (
				14CD57C31DE061B4007870F2 /* Base */,
			);
			name = Main.storyboard;
			sourceTree = "<group>";
		};
		14CD57C71DE061B4007870F2 /* LaunchScreen.storyboard */ = {
			isa = PBXVariantGroup;
			children = (
				14CD57C81DE061B4007870F2 /* Base */,
			);
			name = LaunchScreen.storyboard;
			sourceTree = "<group>";
		};
/* End PBXVariantGroup section */

/* Begin XCBuildConfiguration section */
		14CD57CB1DE061B4007870F2 /* Debug */ = {
			isa = XCBuildConfiguration;
			buildSettings = {
				ALWAYS_SEARCH_USER_PATHS = NO;
				CLANG_ANALYZER_NONNULL = YES;
				CLANG_CXX_LANGUAGE_STANDARD = "gnu++0x";
				CLANG_CXX_LIBRARY = "libc++";
				CLANG_ENABLE_MODULES = YES;
				CLANG_ENABLE_OBJC_ARC = YES;
				CLANG_WARN_BOOL_CONVERSION = YES;
				CLANG_WARN_CONSTANT_CONVERSION = YES;
				CLANG_WARN_DIRECT_OBJC_ISA_USAGE = YES_ERROR;
				CLANG_WARN_DOCUMENTATION_COMMENTS = YES;
				CLANG_WARN_EMPTY_BODY = YES;
				CLANG_WARN_ENUM_CONVERSION = YES;
				CLANG_WARN_INFINITE_RECURSION = YES;
				CLANG_WARN_INT_CONVERSION = YES;
				CLANG_WARN_OBJC_ROOT_CLASS = YES_ERROR;
				CLANG_WARN_SUSPICIOUS_MOVES = YES;
				CLANG_WARN_UNREACHABLE_CODE = YES;
				CLANG_WARN__DUPLICATE_METHOD_MATCH = YES;
				"CODE_SIGN_IDENTITY[sdk=iphoneos*]" = "iPhone Developer";
				COPY_PHASE_STRIP = NO;
				DEBUG_INFORMATION_FORMAT = dwarf;
				ENABLE_STRICT_OBJC_MSGSEND = YES;
				ENABLE_TESTABILITY = YES;
				GCC_C_LANGUAGE_STANDARD = gnu99;
				GCC_DYNAMIC_NO_PIC = NO;
				GCC_NO_COMMON_BLOCKS = YES;
				GCC_OPTIMIZATION_LEVEL = 0;
				GCC_PREPROCESSOR_DEFINITIONS = (
					"DEBUG=1",
					"$(inherited)",
				);
				GCC_WARN_64_TO_32_BIT_CONVERSION = YES;
				GCC_WARN_ABOUT_RETURN_TYPE = YES_ERROR;
				GCC_WARN_UNDECLARED_SELECTOR = YES;
				GCC_WARN_UNINITIALIZED_AUTOS = YES_AGGRESSIVE;
				GCC_WARN_UNUSED_FUNCTION = YES;
				GCC_WARN_UNUSED_VARIABLE = YES;
				IPHONEOS_DEPLOYMENT_TARGET = 10.1;
				MTL_ENABLE_DEBUG_INFO = YES;
				ONLY_ACTIVE_ARCH = YES;
				SDKROOT = iphoneos;
				SWIFT_ACTIVE_COMPILATION_CONDITIONS = DEBUG;
				SWIFT_OPTIMIZATION_LEVEL = "-Onone";
			};
			name = Debug;
		};
		14CD57CC1DE061B4007870F2 /* Release */ = {
			isa = XCBuildConfiguration;
			buildSettings = {
				ALWAYS_SEARCH_USER_PATHS = NO;
				CLANG_ANALYZER_NONNULL = YES;
				CLANG_CXX_LANGUAGE_STANDARD = "gnu++0x";
				CLANG_CXX_LIBRARY = "libc++";
				CLANG_ENABLE_MODULES = YES;
				CLANG_ENABLE_OBJC_ARC = YES;
				CLANG_WARN_BOOL_CONVERSION = YES;
				CLANG_WARN_CONSTANT_CONVERSION = YES;
				CLANG_WARN_DIRECT_OBJC_ISA_USAGE = YES_ERROR;
				CLANG_WARN_DOCUMENTATION_COMMENTS = YES;
				CLANG_WARN_EMPTY_BODY = YES;
				CLANG_WARN_ENUM_CONVERSION = YES;
				CLANG_WARN_INFINITE_RECURSION = YES;
				CLANG_WARN_INT_CONVERSION = YES;
				CLANG_WARN_OBJC_ROOT_CLASS = YES_ERROR;
				CLANG_WARN_SUSPICIOUS_MOVES = YES;
				CLANG_WARN_UNREACHABLE_CODE = YES;
				CLANG_WARN__DUPLICATE_METHOD_MATCH = YES;
				"CODE_SIGN_IDENTITY[sdk=iphoneos*]" = "iPhone Developer";
				COPY_PHASE_STRIP = NO;
				DEBUG_INFORMATION_FORMAT = "dwarf-with-dsym";
				ENABLE_NS_ASSERTIONS = NO;
				ENABLE_STRICT_OBJC_MSGSEND = YES;
				GCC_C_LANGUAGE_STANDARD = gnu99;
				GCC_NO_COMMON_BLOCKS = YES;
				GCC_WARN_64_TO_32_BIT_CONVERSION = YES;
				GCC_WARN_ABOUT_RETURN_TYPE = YES_ERROR;
				GCC_WARN_UNDECLARED_SELECTOR = YES;
				GCC_WARN_UNINITIALIZED_AUTOS = YES_AGGRESSIVE;
				GCC_WARN_UNUSED_FUNCTION = YES;
				GCC_WARN_UNUSED_VARIABLE = YES;
				IPHONEOS_DEPLOYMENT_TARGET = 10.1;
				MTL_ENABLE_DEBUG_INFO = NO;
				SDKROOT = iphoneos;
				SWIFT_OPTIMIZATION_LEVEL = "-Owholemodule";
				VALIDATE_PRODUCT = YES;
			};
			name = Release;
		};
		14CD57CE1DE061B4007870F2 /* Debug */ = {
			isa = XCBuildConfiguration;
			buildSettings = {
				ASSETCATALOG_COMPILER_APPICON_NAME = AppIcon;
				DEVELOPMENT_TEAM = 7W5MA8FGH5;
				INFOPLIST_FILE = Smiley/Info.plist;
				LD_RUNPATH_SEARCH_PATHS = "$(inherited) @executable_path/Frameworks";
				PRODUCT_BUNDLE_IDENTIFIER = com.igroomgrim.Smiley;
				PRODUCT_NAME = "$(TARGET_NAME)";
				SWIFT_VERSION = 3.0;
			};
			name = Debug;
		};
		14CD57CF1DE061B4007870F2 /* Release */ = {
			isa = XCBuildConfiguration;
			buildSettings = {
				ASSETCATALOG_COMPILER_APPICON_NAME = AppIcon;
				DEVELOPMENT_TEAM = 7W5MA8FGH5;
				INFOPLIST_FILE = Smiley/Info.plist;
				LD_RUNPATH_SEARCH_PATHS = "$(inherited) @executable_path/Frameworks";
				PRODUCT_BUNDLE_IDENTIFIER = com.igroomgrim.Smiley;
				PRODUCT_NAME = "$(TARGET_NAME)";
				SWIFT_VERSION = 3.0;
			};
			name = Release;
		};
/* End XCBuildConfiguration section */

/* Begin XCConfigurationList section */
		14CD57B61DE061B3007870F2 /* Build configuration list for PBXProject "Smiley" */ = {
			isa = XCConfigurationList;
			buildConfigurations = (
				14CD57CB1DE061B4007870F2 /* Debug */,
				14CD57CC1DE061B4007870F2 /* Release */,
			);
			defaultConfigurationIsVisible = 0;
			defaultConfigurationName = Release;
		};
		14CD57CD1DE061B4007870F2 /* Build configuration list for PBXNativeTarget "Smiley" */ = {
			isa = XCConfigurationList;
			buildConfigurations = (
				14CD57CE1DE061B4007870F2 /* Debug */,
				14CD57CF1DE061B4007870F2 /* Release */,
			);
			defaultConfigurationIsVisible = 0;
			defaultConfigurationName = Release;
		};
/* End XCConfigurationList section */
	};
	rootObject = 14CD57B31DE061B3007870F2 /* Project object */;
}
